
Microsoft Visual Studio Solution File, Format Version 12.00
# Visual Studio Version 17
VisualStudioVersion = 17.2.32602.215
MinimumVisualStudioVersion = 10.0.40219.1
Project("{FAE04EC0-301F-11D3-BF4B-00C04F79EFBC}") = "BookingWebSite", "BookingWebSite.csproj", "{513DF409-1C3D-40D9-B6FD-CD45D57F9741}"
EndProject
Global
	GlobalSection(SolutionConfigurationPlatforms) = preSolution
		Debug|Any CPU = Debug|Any CPU
		Release|Any CPU = Release|Any CPU
	EndGlobalSection
	GlobalSection(ProjectConfigurationPlatforms) = postSolution
		{513DF409-1C3D-40D9-B6FD-CD45D57F9741}.Debug|Any CPU.ActiveCfg = Debug|Any CPU
		{513DF409-1C3D-40D9-B6FD-CD45D57F9741}.Debug|Any CPU.Build.0 = Debug|Any CPU
		{513DF409-1C3D-40D9-B6FD-CD45D57F9741}.Release|Any CPU.ActiveCfg = Release|Any CPU
		{513DF409-1C3D-40D9-B6FD-CD45D57F9741}.Release|Any CPU.Build.0 = Release|Any CPU
	EndGlobalSection
	GlobalSection(SolutionProperties) = preSolution
		HideSolutionNode = FALSE
	EndGlobalSection
	GlobalSection(ExtensibilityGlobals) = postSolution
		SolutionGuid = {2A2A89E5-670E-43F0-8DD0-BEE8E6DE9FEF}
	EndGlobalSection
EndGlobal
